
Microsoft Visual Studio Solution File, Format Version 12.00
# Visual Studio Version 17
VisualStudioVersion = 17.0.32014.148
MinimumVisualStudioVersion = 10.0.40219.1
Project("{FAE04EC0-301F-11D3-BF4B-00C04F79EFBC}") = "Sinema", "Sinema\Sinema.csproj", "{C1CEEFC5-7CDD-4E7F-B84A-762A50C1B15D}"
EndProject
Global
	GlobalSection(SolutionConfigurationPlatforms) = preSolution
		Debug|Any CPU = Debug|Any CPU
		Release|Any CPU = Release|Any CPU
	EndGlobalSection
	GlobalSection(ProjectConfigurationPlatforms) = postSolution
		{C1CEEFC5-7CDD-4E7F-B84A-762A50C1B15D}.Debug|Any CPU.ActiveCfg = Debug|Any CPU
		{C1CEEFC5-7CDD-4E7F-B84A-762A50C1B15D}.Debug|Any CPU.Build.0 = Debug|Any CPU
		{C1CEEFC5-7CDD-4E7F-B84A-762A50C1B15D}.Release|Any CPU.ActiveCfg = Release|Any CPU
		{C1CEEFC5-7CDD-4E7F-B84A-762A50C1B15D}.Release|Any CPU.Build.0 = Release|Any CPU
	EndGlobalSection
	GlobalSection(SolutionProperties) = preSolution
		HideSolutionNode = FALSE
	EndGlobalSection
	GlobalSection(ExtensibilityGlobals) = postSolution
		SolutionGuid = {8BFECEA1-A807-4941-B237-7D3B74FD6707}
	EndGlobalSection
EndGlobal
